
Microsoft Visual Studio Solution File, Format Version 12.00
# Visual Studio 15
Project("{2150E333-8FDC-42A3-9474-1A3956D46DE8}") = "Services", "Services", "{1149D5D5-C299-4BB2-8B2F-0F1CBB80B841}"
EndProject
Project("{2150E333-8FDC-42A3-9474-1A3956D46DE8}") = "Account", "Account", "{6C21C2AF-DFB5-40D2-85FC-B3521360241D}"
EndProject
Project("{FAE04EC0-301F-11D3-BF4B-00C04F79EFBC}") = "Account.API", "Services\Account\Account.API\Account.API.csproj", "{192EA0EB-FF62-44AB-90F7-F5229A316256}"
EndProject
Project("{2150E333-8FDC-42A3-9474-1A3956D46DE8}") = "Note", "Note", "{B19640ED-A70C-4915-B54F-5E1A10E00817}"
EndProject
Project("{FAE04EC0-301F-11D3-BF4B-00C04F79EFBC}") = "Note.API", "Services\Note\Note.API\Note.API.csproj", "{E4F6FF65-864C-4EC4-848D-6697C4B28C9E}"
EndProject
Project("{E53339B2-1760-4266-BCC7-CA923CBCF16C}") = "docker-compose", "docker-compose.dcproj", "{2BF8D72E-3741-4F4B-9CA5-2FFFA7F2FC8E}"
EndProject
Project("{2150E333-8FDC-42A3-9474-1A3956D46DE8}") = "Database", "Database", "{3236A0D1-ED4A-4750-B24C-08620E75C167}"
EndProject
Project("{2150E333-8FDC-42A3-9474-1A3956D46DE8}") = "Note", "Note", "{479F0B22-3926-4645-B77C-FB26E1C3B171}"
	ProjectSection(SolutionItems) = preProject
		Database\Note\Dockerfile = Database\Note\Dockerfile
		Database\Note\entrypoint.sh = Database\Note\entrypoint.sh
		Database\Note\setup_database.sh = Database\Note\setup_database.sh
	EndProjectSection
EndProject
Project("{2150E333-8FDC-42A3-9474-1A3956D46DE8}") = "Scripts", "Scripts", "{F771CC05-9EBC-4615-A3BD-E1157BABAF94}"
	ProjectSection(SolutionItems) = preProject
		Database\Note\Scripts\01-note-table.sql = Database\Note\Scripts\01-note-table.sql
		Database\Note\Scripts\changelog-init.xml = Database\Note\Scripts\changelog-init.xml
		Database\Note\Scripts\changelog-main.xml = Database\Note\Scripts\changelog-main.xml
	EndProjectSection
EndProject
Global
	GlobalSection(SolutionConfigurationPlatforms) = preSolution
		Debug|anycpu = Debug|anycpu
		Release|anycpu = Release|anycpu
	EndGlobalSection
	GlobalSection(ProjectConfigurationPlatforms) = postSolution
		{192EA0EB-FF62-44AB-90F7-F5229A316256}.Debug|anycpu.ActiveCfg = Debug|Any CPU
		{192EA0EB-FF62-44AB-90F7-F5229A316256}.Debug|anycpu.Build.0 = Debug|Any CPU
		{192EA0EB-FF62-44AB-90F7-F5229A316256}.Release|anycpu.ActiveCfg = Release|Any CPU
		{192EA0EB-FF62-44AB-90F7-F5229A316256}.Release|anycpu.Build.0 = Release|Any CPU
		{E4F6FF65-864C-4EC4-848D-6697C4B28C9E}.Debug|anycpu.ActiveCfg = Debug|Any CPU
		{E4F6FF65-864C-4EC4-848D-6697C4B28C9E}.Debug|anycpu.Build.0 = Debug|Any CPU
		{E4F6FF65-864C-4EC4-848D-6697C4B28C9E}.Release|anycpu.ActiveCfg = Release|Any CPU
		{E4F6FF65-864C-4EC4-848D-6697C4B28C9E}.Release|anycpu.Build.0 = Release|Any CPU
		{2BF8D72E-3741-4F4B-9CA5-2FFFA7F2FC8E}.Debug|anycpu.ActiveCfg = Debug|Any CPU
		{2BF8D72E-3741-4F4B-9CA5-2FFFA7F2FC8E}.Debug|anycpu.Build.0 = Debug|Any CPU
		{2BF8D72E-3741-4F4B-9CA5-2FFFA7F2FC8E}.Release|anycpu.ActiveCfg = Release|Any CPU
		{2BF8D72E-3741-4F4B-9CA5-2FFFA7F2FC8E}.Release|anycpu.Build.0 = Release|Any CPU
	EndGlobalSection
	GlobalSection(NestedProjects) = preSolution
		{6C21C2AF-DFB5-40D2-85FC-B3521360241D} = {1149D5D5-C299-4BB2-8B2F-0F1CBB80B841}
		{192EA0EB-FF62-44AB-90F7-F5229A316256} = {6C21C2AF-DFB5-40D2-85FC-B3521360241D}
		{B19640ED-A70C-4915-B54F-5E1A10E00817} = {1149D5D5-C299-4BB2-8B2F-0F1CBB80B841}
		{E4F6FF65-864C-4EC4-848D-6697C4B28C9E} = {B19640ED-A70C-4915-B54F-5E1A10E00817}
		{479F0B22-3926-4645-B77C-FB26E1C3B171} = {3236A0D1-ED4A-4750-B24C-08620E75C167}
		{F771CC05-9EBC-4615-A3BD-E1157BABAF94} = {479F0B22-3926-4645-B77C-FB26E1C3B171}
	EndGlobalSection
EndGlobal
